Microsoft Visual Studio Solution File, Format Version 12.00
# Visual Studio 2012
Project("{FAE04EC0-301F-11D3-BF4B-00C04F79EFBC}") = "networking-example-client", "networking-example-client.csproj", "{358E618F-E732-4267-8A9A-C02F8AB8AFFF}"
EndProject
Global
	GlobalSection(SolutionConfigurationPlatforms) = preSolution
	Debug|Any CPU = Debug|Any CPU
	ExportDebug|Any CPU = ExportDebug|Any CPU
	ExportRelease|Any CPU = ExportRelease|Any CPU
	EndGlobalSection
	GlobalSection(ProjectConfigurationPlatforms) = postSolution
		{358E618F-E732-4267-8A9A-C02F8AB8AFFF}.Debug|Any CPU.ActiveCfg = Debug|Any CPU
		{358E618F-E732-4267-8A9A-C02F8AB8AFFF}.Debug|Any CPU.Build.0 = Debug|Any CPU
		{358E618F-E732-4267-8A9A-C02F8AB8AFFF}.ExportDebug|Any CPU.ActiveCfg = ExportDebug|Any CPU
		{358E618F-E732-4267-8A9A-C02F8AB8AFFF}.ExportDebug|Any CPU.Build.0 = ExportDebug|Any CPU
		{358E618F-E732-4267-8A9A-C02F8AB8AFFF}.ExportRelease|Any CPU.ActiveCfg = ExportRelease|Any CPU
		{358E618F-E732-4267-8A9A-C02F8AB8AFFF}.ExportRelease|Any CPU.Build.0 = ExportRelease|Any CPU
	EndGlobalSection
EndGlobal
